// !$*UTF8*$!
{
	archiveVersion = 1;
	classes = {
	};
	objectVersion = 77;
	objects = {

/* Begin PBXBuildFile section */
		FE0DE31C2D9F25C8006F1472 /* Info.plist in Resources */ = {isa = PBXBuildFile; fileRef = FE0DE30E2D9F25C8006F1472 /* Info.plist */; };
		FE0DE3882D9F62DE006F1472 /* Localizable.strings in Resources */ = {isa = PBXBuildFile; fileRef = FE0DE3862D9F62DE006F1472 /* Localizable.strings */; };
		FE0DE38C2D9F695D006F1472 /* Localizable.strings in Resources */ = {isa = PBXBuildFile; fileRef = FE0DE38A2D9F695D006F1472 /* Localizable.strings */; };
		FE0DE40F2D9FBBCE006F1472 /* HotKey in Frameworks */ = {isa = PBXBuildFile; productRef = FE0DE40E2D9FBBCE006F1472 /* HotKey */; };
/* End PBXBuildFile section */

/* Begin PBXContainerItemProxy section */
		FE0DE2EE2D9F2558006F1472 /* PBXContainerItemProxy */ = {
			isa = PBXContainerItemProxy;
			containerPortal = FE0DE2D72D9F2556006F1472 /* Project object */;
			proxyType = 1;
			remoteGlobalIDString = FE0DE2DE2D9F2556006F1472;
			remoteInfo = Joyout;
		};
		FE0DE2F82D9F2559006F1472 /* PBXContainerItemProxy */ = {
			isa = PBXContainerItemProxy;
			containerPortal = FE0DE2D72D9F2556006F1472 /* Project object */;
			proxyType = 1;
			remoteGlobalIDString = FE0DE2DE2D9F2556006F1472;
			remoteInfo = Joyout;
		};
/* End PBXContainerItemProxy section */

/* Begin PBXFileReference section */
		FE0DE2DF2D9F2556006F1472 /* Joyout.app */ = {isa = PBXFileReference; explicitFileType = wrapper.application; includeInIndex = 0; path = Joyout.app; sourceTree = BUILT_PRODUCTS_DIR; };
		FE0DE2ED2D9F2558006F1472 /* JoyoutTests.xctest */ = {isa = PBXFileReference; explicitFileType = wrapper.cfbundle; includeInIndex = 0; path = JoyoutTests.xctest; sourceTree = BUILT_PRODUCTS_DIR; };
		FE0DE2F72D9F2559006F1472 /* JoyoutUITests.xctest */ = {isa = PBXFileReference; explicitFileType = wrapper.cfbundle; includeInIndex = 0; path = JoyoutUITests.xctest; sourceTree = BUILT_PRODUCTS_DIR; };
		FE0DE30E2D9F25C8006F1472 /* Info.plist */ = {isa = PBXFileReference; lastKnownFileType = text.plist.xml; path = Info.plist; sourceTree = "<group>"; };
		FE0DE3872D9F62DE006F1472 /* en */ = {isa = PBXFileReference; lastKnownFileType = text.plist.strings; name = en; path = en.lproj/Localizable.strings; sourceTree = "<group>"; };
		FE0DE38B2D9F695D006F1472 /* he */ = {isa = PBXFileReference; lastKnownFileType = text.plist.strings; name = he; path = Localizable.strings; sourceTree = "<group>"; };
/* End PBXFileReference section */

/* Begin PBXFileSystemSynchronizedBuildFileExceptionSet section */
		FE0DE3412D9F51DA006F1472 /* Exceptions for "Joyout" folder in "Joyout" target */ = {
			isa = PBXFileSystemSynchronizedBuildFileExceptionSet;
			membershipExceptions = (
				"/Users/galsasson/Downloads/Joyout-project/Joyout/Joyout/HotKey",
				Info.plist,
			);
			target = FE0DE2DE2D9F2556006F1472 /* Joyout */;
		};
/* End PBXFileSystemSynchronizedBuildFileExceptionSet section */

/* Begin PBXFileSystemSynchronizedRootGroup section */
		FE0DE2E12D9F2556006F1472 /* Joyout */ = {
			isa = PBXFileSystemSynchronizedRootGroup;
			exceptions = (
				FE0DE3412D9F51DA006F1472 /* Exceptions for "Joyout" folder in "Joyout" target */,
			);
			path = Joyout;
			sourceTree = "<group>";
		};
		FE0DE2F02D9F2558006F1472 /* JoyoutTests */ = {
			isa = PBXFileSystemSynchronizedRootGroup;
			path = JoyoutTests;
			sourceTree = "<group>";
		};
		FE0DE2FA2D9F2559006F1472 /* JoyoutUITests */ = {
			isa = PBXFileSystemSynchronizedRootGroup;
			path = JoyoutUITests;
			sourceTree = "<group>";
		};
		FE0DE31D2D9F25F0006F1472 /* Scripts */ = {
			isa = PBXFileSystemSynchronizedRootGroup;
			path = Scripts;
			sourceTree = "<group>";
		};
		FE0DE32F2D9F3663006F1472 /* MEDIA */ = {
			isa = PBXFileSystemSynchronizedRootGroup;
			path = MEDIA;
			sourceTree = "<group>";
		};
/* End PBXFileSystemSynchronizedRootGroup section */

/* Begin PBXFrameworksBuildPhase section */
		FE0DE2DC2D9F2556006F1472 /* Frameworks */ = {
			isa = PBXFrameworksBuildPhase;
			buildActionMask = 2147483647;
			files = (
				FE0DE40F2D9FBBCE006F1472 /* HotKey in Frameworks */,
			);
			runOnlyForDeploymentPostprocessing = 0;
		};
		FE0DE2EA2D9F2558006F1472 /* Frameworks */ = {
			isa = PBXFrameworksBuildPhase;
			buildActionMask = 2147483647;
			files = (
			);
			runOnlyForDeploymentPostprocessing = 0;
		};
		FE0DE2F42D9F2559006F1472 /* Frameworks */ = {
			isa = PBXFrameworksBuildPhase;
			buildActionMask = 2147483647;
			files = (
			);
			runOnlyForDeploymentPostprocessing = 0;
		};
/* End PBXFrameworksBuildPhase section */

/* Begin PBXGroup section */
		FE0DE2D62D9F2556006F1472 = {
			isa = PBXGroup;
			children = (
				FE0DE3892D9F6926006F1472 /* he.lproj */,
				FE0DE3862D9F62DE006F1472 /* Localizable.strings */,
				FE0DE31D2D9F25F0006F1472 /* Scripts */,
				FE0DE2E12D9F2556006F1472 /* Joyout */,
				FE0DE2F02D9F2558006F1472 /* JoyoutTests */,
				FE0DE2FA2D9F2559006F1472 /* JoyoutUITests */,
				FE0DE2E02D9F2556006F1472 /* Products */,
				FE0DE30E2D9F25C8006F1472 /* Info.plist */,
				FE0DE32F2D9F3663006F1472 /* MEDIA */,
			);
			indentWidth = 4;
			sourceTree = "<group>";
			tabWidth = 4;
		};
		FE0DE2E02D9F2556006F1472 /* Products */ = {
			isa = PBXGroup;
			children = (
				FE0DE2DF2D9F2556006F1472 /* Joyout.app */,
				FE0DE2ED2D9F2558006F1472 /* JoyoutTests.xctest */,
				FE0DE2F72D9F2559006F1472 /* JoyoutUITests.xctest */,
			);
			name = Products;
			sourceTree = "<group>";
		};
		FE0DE3892D9F6926006F1472 /* he.lproj */ = {
			isa = PBXGroup;
			children = (
				FE0DE38A2D9F695D006F1472 /* Localizable.strings */,
			);
			path = he.lproj;
			sourceTree = "<group>";
		};
/* End PBXGroup section */

/* Begin PBXNativeTarget section */
		FE0DE2DE2D9F2556006F1472 /* Joyout */ = {
			isa = PBXNativeTarget;
			buildConfigurationList = FE0DE3012D9F2559006F1472 /* Build configuration list for PBXNativeTarget "Joyout" */;
			buildPhases = (
				FE0DE2DB2D9F2556006F1472 /* Sources */,
				FE0DE2DC2D9F2556006F1472 /* Frameworks */,
				FE0DE2DD2D9F2556006F1472 /* Resources */,
			);
			buildRules = (
			);
			dependencies = (
			);
			fileSystemSynchronizedGroups = (
				FE0DE2E12D9F2556006F1472 /* Joyout */,
				FE0DE31D2D9F25F0006F1472 /* Scripts */,
				FE0DE32F2D9F3663006F1472 /* MEDIA */,
			);
			name = Joyout;
			packageProductDependencies = (
				FE0DE40E2D9FBBCE006F1472 /* HotKey */,
			);
			productName = Joyout;
			productReference = FE0DE2DF2D9F2556006F1472 /* Joyout.app */;
			productType = "com.apple.product-type.application";
		};
		FE0DE2EC2D9F2558006F1472 /* JoyoutTests */ = {
			isa = PBXNativeTarget;
			buildConfigurationList = FE0DE3042D9F2559006F1472 /* Build configuration list for PBXNativeTarget "JoyoutTests" */;
			buildPhases = (
				FE0DE2E92D9F2558006F1472 /* Sources */,
				FE0DE2EA2D9F2558006F1472 /* Frameworks */,
				FE0DE2EB2D9F2558006F1472 /* Resources */,
			);
			buildRules = (
			);
			dependencies = (
				FE0DE2EF2D9F2558006F1472 /* PBXTargetDependency */,
			);
			fileSystemSynchronizedGroups = (
				FE0DE2F02D9F2558006F1472 /* JoyoutTests */,
			);
			name = JoyoutTests;
			packageProductDependencies = (
			);
			productName = JoyoutTests;
			productReference = FE0DE2ED2D9F2558006F1472 /* JoyoutTests.xctest */;
			productType = "com.apple.product-type.bundle.unit-test";
		};
		FE0DE2F62D9F2559006F1472 /* JoyoutUITests */ = {
			isa = PBXNativeTarget;
			buildConfigurationList = FE0DE3072D9F2559006F1472 /* Build configuration list for PBXNativeTarget "JoyoutUITests" */;
			buildPhases = (
				FE0DE2F32D9F2559006F1472 /* Sources */,
				FE0DE2F42D9F2559006F1472 /* Frameworks */,
				FE0DE2F52D9F2559006F1472 /* Resources */,
			);
			buildRules = (
			);
			dependencies = (
				FE0DE2F92D9F2559006F1472 /* PBXTargetDependency */,
			);
			fileSystemSynchronizedGroups = (
				FE0DE2FA2D9F2559006F1472 /* JoyoutUITests */,
			);
			name = JoyoutUITests;
			packageProductDependencies = (
			);
			productName = JoyoutUITests;
			productReference = FE0DE2F72D9F2559006F1472 /* JoyoutUITests.xctest */;
			productType = "com.apple.product-type.bundle.ui-testing";
		};
/* End PBXNativeTarget section */

/* Begin PBXProject section */
		FE0DE2D72D9F2556006F1472 /* Project object */ = {
			isa = PBXProject;
			attributes = {
				BuildIndependentTargetsInParallel = 1;
				LastSwiftUpdateCheck = 1630;
				LastUpgradeCheck = 1630;
				TargetAttributes = {
					FE0DE2DE2D9F2556006F1472 = {
						CreatedOnToolsVersion = 16.3;
					};
					FE0DE2EC2D9F2558006F1472 = {
						CreatedOnToolsVersion = 16.3;
						TestTargetID = FE0DE2DE2D9F2556006F1472;
					};
					FE0DE2F62D9F2559006F1472 = {
						CreatedOnToolsVersion = 16.3;
						TestTargetID = FE0DE2DE2D9F2556006F1472;
					};
				};
			};
			buildConfigurationList = FE0DE2DA2D9F2556006F1472 /* Build configuration list for PBXProject "Joyout" */;
			developmentRegion = en;
			hasScannedForEncodings = 0;
			knownRegions = (
				en,
				Base,
				he,
			);
			mainGroup = FE0DE2D62D9F2556006F1472;
			minimizedProjectReferenceProxies = 1;
			packageReferences = (
				FE0DE40B2D9FB8A8006F1472 /* XCRemoteSwiftPackageReference "HotKey" */,
			);
			preferredProjectObjectVersion = 77;
			productRefGroup = FE0DE2E02D9F2556006F1472 /* Products */;
			projectDirPath = "";
			projectRoot = "";
			targets = (
				FE0DE2DE2D9F2556006F1472 /* Joyout */,
				FE0DE2EC2D9F2558006F1472 /* JoyoutTests */,
				FE0DE2F62D9F2559006F1472 /* JoyoutUITests */,
			);
		};
/* End PBXProject section */

/* Begin PBXResourcesBuildPhase section */
		FE0DE2DD2D9F2556006F1472 /* Resources */ = {
			isa = PBXResourcesBuildPhase;
			buildActionMask = 2147483647;
			files = (
				FE0DE3882D9F62DE006F1472 /* Localizable.strings in Resources */,
				FE0DE38C2D9F695D006F1472 /* Localizable.strings in Resources */,
				FE0DE31C2D9F25C8006F1472 /* Info.plist in Resources */,
			);
			runOnlyForDeploymentPostprocessing = 0;
		};
		FE0DE2EB2D9F2558006F1472 /* Resources */ = {
			isa = PBXResourcesBuildPhase;
			buildActionMask = 2147483647;
			files = (
			);
			runOnlyForDeploymentPostprocessing = 0;
		};
		FE0DE2F52D9F2559006F1472 /* Resources */ = {
			isa = PBXResourcesBuildPhase;
			buildActionMask = 2147483647;
			files = (
			);
			runOnlyForDeploymentPostprocessing = 0;
		};
/* End PBXResourcesBuildPhase section */

/* Begin PBXSourcesBuildPhase section */
		FE0DE2DB2D9F2556006F1472 /* Sources */ = {
			isa = PBXSourcesBuildPhase;
			buildActionMask = 2147483647;
			files = (
			);
			runOnlyForDeploymentPostprocessing = 0;
		};
		FE0DE2E92D9F2558006F1472 /* Sources */ = {
			isa = PBXSourcesBuildPhase;
			buildActionMask = 2147483647;
			files = (
			);
			runOnlyForDeploymentPostprocessing = 0;
		};
		FE0DE2F32D9F2559006F1472 /* Sources */ = {
			isa = PBXSourcesBuildPhase;
			buildActionMask = 2147483647;
			files = (
			);
			runOnlyForDeploymentPostprocessing = 0;
		};
/* End PBXSourcesBuildPhase section */

/* Begin PBXTargetDependency section */
		FE0DE2EF2D9F2558006F1472 /* PBXTargetDependency */ = {
			isa = PBXTargetDependency;
			target = FE0DE2DE2D9F2556006F1472 /* Joyout */;
			targetProxy = FE0DE2EE2D9F2558006F1472 /* PBXContainerItemProxy */;
		};
		FE0DE2F92D9F2559006F1472 /* PBXTargetDependency */ = {
			isa = PBXTargetDependency;
			target = FE0DE2DE2D9F2556006F1472 /* Joyout */;
			targetProxy = FE0DE2F82D9F2559006F1472 /* PBXContainerItemProxy */;
		};
/* End PBXTargetDependency section */

/* Begin PBXVariantGroup section */
		FE0DE3862D9F62DE006F1472 /* Localizable.strings */ = {
			isa = PBXVariantGroup;
			children = (
				FE0DE3872D9F62DE006F1472 /* en */,
			);
			name = Localizable.strings;
			sourceTree = "<group>";
		};
		FE0DE38A2D9F695D006F1472 /* Localizable.strings */ = {
			isa = PBXVariantGroup;
			children = (
				FE0DE38B2D9F695D006F1472 /* he */,
			);
			name = Localizable.strings;
			sourceTree = "<group>";
		};
/* End PBXVariantGroup section */

/* Begin XCBuildConfiguration section */
		FE0DE2FF2D9F2559006F1472 /* Debug */ = {
			isa = XCBuildConfiguration;
			buildSettings = {
				ALWAYS_SEARCH_USER_PATHS = NO;
				ASSETCATALOG_COMPILER_GENERATE_SWIFT_ASSET_SYMBOL_EXTENSIONS = YES;
				CLANG_ANALYZER_NONNULL = YES;
				CLANG_ANALYZER_NUMBER_OBJECT_CONVERSION = YES_AGGRESSIVE;
				CLANG_CXX_LANGUAGE_STANDARD = "gnu++20";
				CLANG_ENABLE_MODULES = YES;
				CLANG_ENABLE_OBJC_ARC = YES;
				CLANG_ENABLE_OBJC_WEAK = YES;
				CLANG_WARN_BLOCK_CAPTURE_AUTORELEASING = YES;
				CLANG_WARN_BOOL_CONVERSION = YES;
				CLANG_WARN_COMMA = YES;
				CLANG_WARN_CONSTANT_CONVERSION = YES;
				CLANG_WARN_DEPRECATED_OBJC_IMPLEMENTATIONS = YES;
				CLANG_WARN_DIRECT_OBJC_ISA_USAGE = YES_ERROR;
				CLANG_WARN_DOCUMENTATION_COMMENTS = YES;
				CLANG_WARN_EMPTY_BODY = YES;
				CLANG_WARN_ENUM_CONVERSION = YES;
				CLANG_WARN_INFINITE_RECURSION = YES;
				CLANG_WARN_INT_CONVERSION = YES;
				CLANG_WARN_NON_LITERAL_NULL_CONVERSION = YES;
				CLANG_WARN_OBJC_IMPLICIT_RETAIN_SELF = YES;
				CLANG_WARN_OBJC_LITERAL_CONVERSION = YES;
				CLANG_WARN_OBJC_ROOT_CLASS = YES_ERROR;
				CLANG_WARN_QUOTED_INCLUDE_IN_FRAMEWORK_HEADER = YES;
				CLANG_WARN_RANGE_LOOP_ANALYSIS = YES;
				CLANG_WARN_STRICT_PROTOTYPES = YES;
				CLANG_WARN_SUSPICIOUS_MOVE = YES;
				CLANG_WARN_UNGUARDED_AVAILABILITY = YES_AGGRESSIVE;
				CLANG_WARN_UNREACHABLE_CODE = YES;
				CLANG_WARN__DUPLICATE_METHOD_MATCH = YES;
				COPY_PHASE_STRIP = NO;
				DEBUG_INFORMATION_FORMAT = dwarf;
				ENABLE_STRICT_OBJC_MSGSEND = YES;
				ENABLE_TESTABILITY = YES;
				ENABLE_USER_SCRIPT_SANDBOXING = YES;
				GCC_C_LANGUAGE_STANDARD = gnu17;
				GCC_DYNAMIC_NO_PIC = NO;
				GCC_NO_COMMON_BLOCKS = YES;
				GCC_OPTIMIZATION_LEVEL = 0;
				GCC_PREPROCESSOR_DEFINITIONS = (
					"DEBUG=1",
					"$(inherited)",
				);
				GCC_WARN_64_TO_32_BIT_CONVERSION = YES;
				GCC_WARN_ABOUT_RETURN_TYPE = YES_ERROR;
				GCC_WARN_UNDECLARED_SELECTOR = YES;
				GCC_WARN_UNINITIALIZED_AUTOS = YES_AGGRESSIVE;
				GCC_WARN_UNUSED_FUNCTION = YES;
				GCC_WARN_UNUSED_VARIABLE = YES;
				LOCALIZATION_PREFERS_STRING_CATALOGS = YES;
				MTL_ENABLE_DEBUG_INFO = INCLUDE_SOURCE;
				MTL_FAST_MATH = YES;
				ONLY_ACTIVE_ARCH = YES;
				SWIFT_ACTIVE_COMPILATION_CONDITIONS = "DEBUG $(inherited)";
				SWIFT_OPTIMIZATION_LEVEL = "-Onone";
			};
			name = Debug;
		};
		FE0DE3002D9F2559006F1472 /* Release */ = {
			isa = XCBuildConfiguration;
			buildSettings = {
				ALWAYS_SEARCH_USER_PATHS = NO;
				ASSETCATALOG_COMPILER_GENERATE_SWIFT_ASSET_SYMBOL_EXTENSIONS = YES;
				CLANG_ANALYZER_NONNULL = YES;
				CLANG_ANALYZER_NUMBER_OBJECT_CONVERSION = YES_AGGRESSIVE;
				CLANG_CXX_LANGUAGE_STANDARD = "gnu++20";
				CLANG_ENABLE_MODULES = YES;
				CLANG_ENABLE_OBJC_ARC = YES;
				CLANG_ENABLE_OBJC_WEAK = YES;
				CLANG_WARN_BLOCK_CAPTURE_AUTORELEASING = YES;
				CLANG_WARN_BOOL_CONVERSION = YES;
				CLANG_WARN_COMMA = YES;
				CLANG_WARN_CONSTANT_CONVERSION = YES;
				CLANG_WARN_DEPRECATED_OBJC_IMPLEMENTATIONS = YES;
				CLANG_WARN_DIRECT_OBJC_ISA_USAGE = YES_ERROR;
				CLANG_WARN_DOCUMENTATION_COMMENTS = YES;
				CLANG_WARN_EMPTY_BODY = YES;
				CLANG_WARN_ENUM_CONVERSION = YES;
				CLANG_WARN_INFINITE_RECURSION = YES;
				CLANG_WARN_INT_CONVERSION = YES;
				CLANG_WARN_NON_LITERAL_NULL_CONVERSION = YES;
				CLANG_WARN_OBJC_IMPLICIT_RETAIN_SELF = YES;
				CLANG_WARN_OBJC_LITERAL_CONVERSION = YES;
				CLANG_WARN_OBJC_ROOT_CLASS = YES_ERROR;
				CLANG_WARN_QUOTED_INCLUDE_IN_FRAMEWORK_HEADER = YES;
				CLANG_WARN_RANGE_LOOP_ANALYSIS = YES;
				CLANG_WARN_STRICT_PROTOTYPES = YES;
				CLANG_WARN_SUSPICIOUS_MOVE = YES;
				CLANG_WARN_UNGUARDED_AVAILABILITY = YES_AGGRESSIVE;
				CLANG_WARN_UNREACHABLE_CODE = YES;
				CLANG_WARN__DUPLICATE_METHOD_MATCH = YES;
				COPY_PHASE_STRIP = NO;
				DEBUG_INFORMATION_FORMAT = "dwarf-with-dsym";
				ENABLE_NS_ASSERTIONS = NO;
				ENABLE_STRICT_OBJC_MSGSEND = YES;
				ENABLE_USER_SCRIPT_SANDBOXING = YES;
				GCC_C_LANGUAGE_STANDARD = gnu17;
				GCC_NO_COMMON_BLOCKS = YES;
				GCC_WARN_64_TO_32_BIT_CONVERSION = YES;
				GCC_WARN_ABOUT_RETURN_TYPE = YES_ERROR;
				GCC_WARN_UNDECLARED_SELECTOR = YES;
				GCC_WARN_UNINITIALIZED_AUTOS = YES_AGGRESSIVE;
				GCC_WARN_UNUSED_FUNCTION = YES;
				GCC_WARN_UNUSED_VARIABLE = YES;
				LOCALIZATION_PREFERS_STRING_CATALOGS = YES;
				MTL_ENABLE_DEBUG_INFO = NO;
				MTL_FAST_MATH = YES;
				SWIFT_COMPILATION_MODE = wholemodule;
			};
			name = Release;
		};
		FE0DE3022D9F2559006F1472 /* Debug */ = {
			isa = XCBuildConfiguration;
			buildSettings = {
				ASSETCATALOG_COMPILER_APPICON_NAME = AppIcon;
				ASSETCATALOG_COMPILER_GLOBAL_ACCENT_COLOR_NAME = AccentColor;
				ASSETCATALOG_COMPILER_INCLUDE_ALL_APPICON_ASSETS = YES;
				CODE_SIGN_ENTITLEMENTS = Joyout/Joyout.entitlements;
				CODE_SIGN_STYLE = Automatic;
				CURRENT_PROJECT_VERSION = 1;
				ENABLE_PREVIEWS = YES;
				GENERATE_INFOPLIST_FILE = YES;
				INFOPLIST_FILE = Joyout/Info.plist;
				"INFOPLIST_KEY_UIApplicationSceneManifest_Generation[sdk=iphoneos*]" = YES;
				"INFOPLIST_KEY_UIApplicationSceneManifest_Generation[sdk=iphonesimulator*]" = YES;
				"INFOPLIST_KEY_UIApplicationSupportsIndirectInputEvents[sdk=iphoneos*]" = YES;
				"INFOPLIST_KEY_UIApplicationSupportsIndirectInputEvents[sdk=iphonesimulator*]" = YES;
				"INFOPLIST_KEY_UILaunchScreen_Generation[sdk=iphoneos*]" = YES;
				"INFOPLIST_KEY_UILaunchScreen_Generation[sdk=iphonesimulator*]" = YES;
				"INFOPLIST_KEY_UIStatusBarStyle[sdk=iphoneos*]" = UIStatusBarStyleDefault;
				"INFOPLIST_KEY_UIStatusBarStyle[sdk=iphonesimulator*]" = UIStatusBarStyleDefault;
				INFOPLIST_KEY_UISupportedInterfaceOrientations_iPad = "UIInterfaceOrientationPortrait UIInterfaceOrientationPortraitUpsideDown UIInterfaceOrientationLandscapeLeft UIInterfaceOrientationLandscapeRight";
				INFOPLIST_KEY_UISupportedInterfaceOrientations_iPhone = "UIInterfaceOrientationPortrait UIInterfaceOrientationLandscapeLeft UIInterfaceOrientationLandscapeRight";
				IPHONEOS_DEPLOYMENT_TARGET = 18.4;
				LD_RUNPATH_SEARCH_PATHS = "@executable_path/Frameworks";
				"LD_RUNPATH_SEARCH_PATHS[sdk=macosx*]" = "@executable_path/../Frameworks";
				MACOSX_DEPLOYMENT_TARGET = 15.3;
				MARKETING_VERSION = 1.0;
				PRODUCT_BUNDLE_IDENTIFIER = il.galsasson.Joyout;
				PRODUCT_NAME = "$(TARGET_NAME)";
				REGISTER_APP_GROUPS = YES;
				SDKROOT = auto;
				SUPPORTED_PLATFORMS = "iphoneos iphonesimulator macosx xros xrsimulator";
				SWIFT_EMIT_LOC_STRINGS = YES;
				SWIFT_VERSION = 5.0;
				TARGETED_DEVICE_FAMILY = "1,2,7";
				XROS_DEPLOYMENT_TARGET = 2.4;
			};
			name = Debug;
		};
		FE0DE3032D9F2559006F1472 /* Release */ = {
			isa = XCBuildConfiguration;
			buildSettings = {
				ASSETCATALOG_COMPILER_APPICON_NAME = AppIcon;
				ASSETCATALOG_COMPILER_GLOBAL_ACCENT_COLOR_NAME = AccentColor;
				ASSETCATALOG_COMPILER_INCLUDE_ALL_APPICON_ASSETS = YES;
				CODE_SIGN_ENTITLEMENTS = Joyout/Joyout.entitlements;
				CODE_SIGN_STYLE = Automatic;
				CURRENT_PROJECT_VERSION = 1;
				ENABLE_PREVIEWS = YES;
				GENERATE_INFOPLIST_FILE = YES;
				INFOPLIST_FILE = Joyout/Info.plist;
				"INFOPLIST_KEY_UIApplicationSceneManifest_Generation[sdk=iphoneos*]" = YES;
				"INFOPLIST_KEY_UIApplicationSceneManifest_Generation[sdk=iphonesimulator*]" = YES;
				"INFOPLIST_KEY_UIApplicationSupportsIndirectInputEvents[sdk=iphoneos*]" = YES;
				"INFOPLIST_KEY_UIApplicationSupportsIndirectInputEvents[sdk=iphonesimulator*]" = YES;
				"INFOPLIST_KEY_UILaunchScreen_Generation[sdk=iphoneos*]" = YES;
				"INFOPLIST_KEY_UILaunchScreen_Generation[sdk=iphonesimulator*]" = YES;
				"INFOPLIST_KEY_UIStatusBarStyle[sdk=iphoneos*]" = UIStatusBarStyleDefault;
				"INFOPLIST_KEY_UIStatusBarStyle[sdk=iphonesimulator*]" = UIStatusBarStyleDefault;
				INFOPLIST_KEY_UISupportedInterfaceOrientations_iPad = "UIInterfaceOrientationPortrait UIInterfaceOrientationPortraitUpsideDown UIInterfaceOrientationLandscapeLeft UIInterfaceOrientationLandscapeRight";
				INFOPLIST_KEY_UISupportedInterfaceOrientations_iPhone = "UIInterfaceOrientationPortrait UIInterfaceOrientationLandscapeLeft UIInterfaceOrientationLandscapeRight";
				IPHONEOS_DEPLOYMENT_TARGET = 18.4;
				LD_RUNPATH_SEARCH_PATHS = "@executable_path/Frameworks";
				"LD_RUNPATH_SEARCH_PATHS[sdk=macosx*]" = "@executable_path/../Frameworks";
				MACOSX_DEPLOYMENT_TARGET = 15.3;
				MARKETING_VERSION = 1.0;
				PRODUCT_BUNDLE_IDENTIFIER = il.galsasson.Joyout;
				PRODUCT_NAME = "$(TARGET_NAME)";
				REGISTER_APP_GROUPS = YES;
				SDKROOT = auto;
				SUPPORTED_PLATFORMS = "iphoneos iphonesimulator macosx xros xrsimulator";
				SWIFT_EMIT_LOC_STRINGS = YES;
				SWIFT_VERSION = 5.0;
				TARGETED_DEVICE_FAMILY = "1,2,7";
				XROS_DEPLOYMENT_TARGET = 2.4;
			};
			name = Release;
		};
		FE0DE3052D9F2559006F1472 /* Debug */ = {
			isa = XCBuildConfiguration;
			buildSettings = {
				BUNDLE_LOADER = "$(TEST_HOST)";
				CODE_SIGN_STYLE = Automatic;
				CURRENT_PROJECT_VERSION = 1;
				GENERATE_INFOPLIST_FILE = YES;
				IPHONEOS_DEPLOYMENT_TARGET = 18.4;
				MACOSX_DEPLOYMENT_TARGET = 15.3;
				MARKETING_VERSION = 1.0;
				PRODUCT_BUNDLE_IDENTIFIER = il.galsasson.JoyoutTests;
				PRODUCT_NAME = "$(TARGET_NAME)";
				SDKROOT = auto;
				SUPPORTED_PLATFORMS = "iphoneos iphonesimulator macosx xros xrsimulator";
				SWIFT_EMIT_LOC_STRINGS = NO;
				SWIFT_VERSION = 5.0;
				TARGETED_DEVICE_FAMILY = "1,2,7";
				TEST_HOST = "$(BUILT_PRODUCTS_DIR)/Joyout.app/$(BUNDLE_EXECUTABLE_FOLDER_PATH)/Joyout";
				XROS_DEPLOYMENT_TARGET = 2.4;
			};
			name = Debug;
		};
		FE0DE3062D9F2559006F1472 /* Release */ = {
			isa = XCBuildConfiguration;
			buildSettings = {
				BUNDLE_LOADER = "$(TEST_HOST)";
				CODE_SIGN_STYLE = Automatic;
				CURRENT_PROJECT_VERSION = 1;
				GENERATE_INFOPLIST_FILE = YES;
				IPHONEOS_DEPLOYMENT_TARGET = 18.4;
				MACOSX_DEPLOYMENT_TARGET = 15.3;
				MARKETING_VERSION = 1.0;
				PRODUCT_BUNDLE_IDENTIFIER = il.galsasson.JoyoutTests;
				PRODUCT_NAME = "$(TARGET_NAME)";
				SDKROOT = auto;
				SUPPORTED_PLATFORMS = "iphoneos iphonesimulator macosx xros xrsimulator";
				SWIFT_EMIT_LOC_STRINGS = NO;
				SWIFT_VERSION = 5.0;
				TARGETED_DEVICE_FAMILY = "1,2,7";
				TEST_HOST = "$(BUILT_PRODUCTS_DIR)/Joyout.app/$(BUNDLE_EXECUTABLE_FOLDER_PATH)/Joyout";
				XROS_DEPLOYMENT_TARGET = 2.4;
			};
			name = Release;
		};
		FE0DE3082D9F2559006F1472 /* Debug */ = {
			isa = XCBuildConfiguration;
			buildSettings = {
				CODE_SIGN_STYLE = Automatic;
				CURRENT_PROJECT_VERSION = 1;
				GENERATE_INFOPLIST_FILE = YES;
				IPHONEOS_DEPLOYMENT_TARGET = 18.4;
				MACOSX_DEPLOYMENT_TARGET = 15.3;
				MARKETING_VERSION = 1.0;
				PRODUCT_BUNDLE_IDENTIFIER = il.galsasson.JoyoutUITests;
				PRODUCT_NAME = "$(TARGET_NAME)";
				SDKROOT = auto;
				SUPPORTED_PLATFORMS = "iphoneos iphonesimulator macosx xros xrsimulator";
				SWIFT_EMIT_LOC_STRINGS = NO;
				SWIFT_VERSION = 5.0;
				TARGETED_DEVICE_FAMILY = "1,2,7";
				TEST_TARGET_NAME = Joyout;
				XROS_DEPLOYMENT_TARGET = 2.4;
			};
			name = Debug;
		};
		FE0DE3092D9F2559006F1472 /* Release */ = {
			isa = XCBuildConfiguration;
			buildSettings = {
				CODE_SIGN_STYLE = Automatic;
				CURRENT_PROJECT_VERSION = 1;
				GENERATE_INFOPLIST_FILE = YES;
				IPHONEOS_DEPLOYMENT_TARGET = 18.4;
				MACOSX_DEPLOYMENT_TARGET = 15.3;
				MARKETING_VERSION = 1.0;
				PRODUCT_BUNDLE_IDENTIFIER = il.galsasson.JoyoutUITests;
				PRODUCT_NAME = "$(TARGET_NAME)";
				SDKROOT = auto;
				SUPPORTED_PLATFORMS = "iphoneos iphonesimulator macosx xros xrsimulator";
				SWIFT_EMIT_LOC_STRINGS = NO;
				SWIFT_VERSION = 5.0;
				TARGETED_DEVICE_FAMILY = "1,2,7";
				TEST_TARGET_NAME = Joyout;
				XROS_DEPLOYMENT_TARGET = 2.4;
			};
			name = Release;
		};
/* End XCBuildConfiguration section */

/* Begin XCConfigurationList section */
		FE0DE2DA2D9F2556006F1472 /* Build configuration list for PBXProject "Joyout" */ = {
			isa = XCConfigurationList;
			buildConfigurations = (
				FE0DE2FF2D9F2559006F1472 /* Debug */,
				FE0DE3002D9F2559006F1472 /* Release */,
			);
			defaultConfigurationIsVisible = 0;
			defaultConfigurationName = Release;
		};
		FE0DE3012D9F2559006F1472 /* Build configuration list for PBXNativeTarget "Joyout" */ = {
			isa = XCConfigurationList;
			buildConfigurations = (
				FE0DE3022D9F2559006F1472 /* Debug */,
				FE0DE3032D9F2559006F1472 /* Release */,
			);
			defaultConfigurationIsVisible = 0;
			defaultConfigurationName = Release;
		};
		FE0DE3042D9F2559006F1472 /* Build configuration list for PBXNativeTarget "JoyoutTests" */ = {
			isa = XCConfigurationList;
			buildConfigurations = (
				FE0DE3052D9F2559006F1472 /* Debug */,
				FE0DE3062D9F2559006F1472 /* Release */,
			);
			defaultConfigurationIsVisible = 0;
			defaultConfigurationName = Release;
		};
		FE0DE3072D9F2559006F1472 /* Build configuration list for PBXNativeTarget "JoyoutUITests" */ = {
			isa = XCConfigurationList;
			buildConfigurations = (
				FE0DE3082D9F2559006F1472 /* Debug */,
				FE0DE3092D9F2559006F1472 /* Release */,
			);
			defaultConfigurationIsVisible = 0;
			defaultConfigurationName = Release;
		};
/* End XCConfigurationList section */

/* Begin XCRemoteSwiftPackageReference section */
		FE0DE40B2D9FB8A8006F1472 /* XCRemoteSwiftPackageReference "HotKey" */ = {
			isa = XCRemoteSwiftPackageReference;
			repositoryURL = "https://github.com/soffes/HotKey";
			requirement = {
				branch = main;
				kind = branch;
			};
		};
/* End XCRemoteSwiftPackageReference section */

/* Begin XCSwiftPackageProductDependency section */
		FE0DE40E2D9FBBCE006F1472 /* HotKey */ = {
			isa = XCSwiftPackageProductDependency;
			package = FE0DE40B2D9FB8A8006F1472 /* XCRemoteSwiftPackageReference "HotKey" */;
			productName = HotKey;
		};
/* End XCSwiftPackageProductDependency section */
	};
	rootObject = FE0DE2D72D9F2556006F1472 /* Project object */;
}
